
Microsoft Visual Studio Solution File, Format Version 12.00
# Visual Studio Version 17
VisualStudioVersion = 17.9.34622.214
MinimumVisualStudioVersion = 10.0.40219.1
Project("{8BC9CEB8-8B4A-11D0-8D11-00A0C91BC942}") = "Desynced", "Desynced.vcxproj", "{409F5C37-FCD1-4C2C-B3F4-99C55A479DBF}"
EndProject
Global
	GlobalSection(SolutionConfigurationPlatforms) = preSolution
		Debug|x64 = Debug|x64
		Debug|x86 = Debug|x86
		Release|x64 = Release|x64
		Release|x86 = Release|x86
	EndGlobalSection
	GlobalSection(ProjectConfigurationPlatforms) = postSolution
		{409F5C37-FCD1-4C2C-B3F4-99C55A479DBF}.Debug|x64.ActiveCfg = Debug|x64
		{409F5C37-FCD1-4C2C-B3F4-99C55A479DBF}.Debug|x64.Build.0 = Debug|x64
		{409F5C37-FCD1-4C2C-B3F4-99C55A479DBF}.Debug|x86.ActiveCfg = Debug|Win32
		{409F5C37-FCD1-4C2C-B3F4-99C55A479DBF}.Debug|x86.Build.0 = Debug|Win32
		{409F5C37-FCD1-4C2C-B3F4-99C55A479DBF}.Release|x64.ActiveCfg = Release|x64
		{409F5C37-FCD1-4C2C-B3F4-99C55A479DBF}.Release|x64.Build.0 = Release|x64
		{409F5C37-FCD1-4C2C-B3F4-99C55A479DBF}.Release|x86.ActiveCfg = Release|Win32
		{409F5C37-FCD1-4C2C-B3F4-99C55A479DBF}.Release|x86.Build.0 = Release|Win32
	EndGlobalSection
	GlobalSection(SolutionProperties) = preSolution
		HideSolutionNode = FALSE
	EndGlobalSection
	GlobalSection(ExtensibilityGlobals) = postSolution
		SolutionGuid = {2250300C-2667-4F5E-9B39-EAEF38F0483C}
	EndGlobalSection
EndGlobal
